
Microsoft Visual Studio Solution File, Format Version 12.00
# Visual Studio 15
Project("{FAE04EC0-301F-11D3-BF4B-00C04F79EFBC}") = "Assembly-CSharp-firstpass", "Assembly-CSharp-firstpass.csproj", "{55A796C7-9471-7B43-171C-C3D648EA3ECA}"
EndProject
Project("{FAE04EC0-301F-11D3-BF4B-00C04F79EFBC}") = "Assembly-CSharp", "Assembly-CSharp.csproj", "{1B809659-A824-9668-9834-9377153C60A5}"
EndProject
Global
	GlobalSection(SolutionConfigurationPlatforms) = preSolution
		Debug|Any CPU = Debug|Any CPU
		Release|Any CPU = Release|Any CPU
	EndGlobalSection
	GlobalSection(ProjectConfigurationPlatforms) = postSolution
		{55A796C7-9471-7B43-171C-C3D648EA3ECA}.Debug|Any CPU.ActiveCfg = Debug|Any CPU
		{55A796C7-9471-7B43-171C-C3D648EA3ECA}.Debug|Any CPU.Build.0 = Debug|Any CPU
		{55A796C7-9471-7B43-171C-C3D648EA3ECA}.Release|Any CPU.ActiveCfg = Release|Any CPU
		{55A796C7-9471-7B43-171C-C3D648EA3ECA}.Release|Any CPU.Build.0 = Release|Any CPU
		{1B809659-A824-9668-9834-9377153C60A5}.Debug|Any CPU.ActiveCfg = Debug|Any CPU
		{1B809659-A824-9668-9834-9377153C60A5}.Debug|Any CPU.Build.0 = Debug|Any CPU
		{1B809659-A824-9668-9834-9377153C60A5}.Release|Any CPU.ActiveCfg = Release|Any CPU
		{1B809659-A824-9668-9834-9377153C60A5}.Release|Any CPU.Build.0 = Release|Any CPU
	EndGlobalSection
	GlobalSection(SolutionProperties) = preSolution
		HideSolutionNode = FALSE
	EndGlobalSection
EndGlobal
